
Microsoft Visual Studio Solution File, Format Version 11.00
# Visual C++ Express 2010
Project("{8BC9CEB8-8B4A-11D0-8D11-00A0C91BC942}") = "UserInterface", "UserInterface.vcxproj", "{50AF0A31-62F2-49A2-81D6-AAC1039F8543}"
EndProject
Project("{8BC9CEB8-8B4A-11D0-8D11-00A0C91BC942}") = "Test", "Test\Test.vcxproj", "{47728F22-5A3F-429E-A8BB-C473B6A9AC8F}"
	ProjectSection(ProjectDependencies) = postProject
		{50AF0A31-62F2-49A2-81D6-AAC1039F8543} = {50AF0A31-62F2-49A2-81D6-AAC1039F8543}
	EndProjectSection
EndProject
Global
	GlobalSection(SolutionConfigurationPlatforms) = preSolution
		Debug|Win32 = Debug|Win32
		Release|Win32 = Release|Win32
	EndGlobalSection
	GlobalSection(ProjectConfigurationPlatforms) = postSolution
		{50AF0A31-62F2-49A2-81D6-AAC1039F8543}.Debug|Win32.ActiveCfg = Debug|Win32
		{50AF0A31-62F2-49A2-81D6-AAC1039F8543}.Debug|Win32.Build.0 = Debug|Win32
		{50AF0A31-62F2-49A2-81D6-AAC1039F8543}.Release|Win32.ActiveCfg = Release|Win32
		{50AF0A31-62F2-49A2-81D6-AAC1039F8543}.Release|Win32.Build.0 = Release|Win32
		{47728F22-5A3F-429E-A8BB-C473B6A9AC8F}.Debug|Win32.ActiveCfg = Debug|Win32
		{47728F22-5A3F-429E-A8BB-C473B6A9AC8F}.Debug|Win32.Build.0 = Debug|Win32
		{47728F22-5A3F-429E-A8BB-C473B6A9AC8F}.Release|Win32.ActiveCfg = Release|Win32
		{47728F22-5A3F-429E-A8BB-C473B6A9AC8F}.Release|Win32.Build.0 = Release|Win32
	EndGlobalSection
	GlobalSection(SolutionProperties) = preSolution
		HideSolutionNode = FALSE
	EndGlobalSection
EndGlobal
