<?xml version="1.0" encoding="utf-8"?>
<Project ToolsVersion="4.0" xmlns="http://schemas.microsoft.com/developer/msbuild/2003">
  <ItemGroup>
    <Filter Include="Source Files">
      <UniqueIdentifier>{4FC737F1-C7A5-4376-A066-2A32D752A2FF}</UniqueIdentifier>
      <Extensions>cpp;c;cc;cxx;def;odl;idl;hpj;bat;asm;asmx</Extensions>
    </Filter>
    <Filter Include="Source Files\Description">
      <UniqueIdentifier>{5c60b30e-945f-40b6-b3de-76353e38e37a}</UniqueIdentifier>
    </Filter>
    <Filter Include="Source Files\Compiler">
      <UniqueIdentifier>{915426dd-bfbc-42a8-acac-215e78c781cb}</UniqueIdentifier>
    </Filter>
    <Filter Include="Source Files\Compiler\Parser">
      <UniqueIdentifier>{016cd6ce-724f-4be0-a2d9-d2a807cca361}</UniqueIdentifier>
    </Filter>
    <Filter Include="Source Files\Compiler\Scanner">
      <UniqueIdentifier>{41816862-077a-47bf-ae5e-77a373b7abe4}</UniqueIdentifier>
    </Filter>
    <Filter Include="Header Files">
      <UniqueIdentifier>{93995380-89BD-4b04-88EB-625FBE52EBFB}</UniqueIdentifier>
      <Extensions>h;hpp;hxx;hm;inl;inc;xsd</Extensions>
    </Filter>
    <Filter Include="Header Files\Description">
      <UniqueIdentifier>{5c389458-4642-491c-bec2-fd0615fdbcec}</UniqueIdentifier>
    </Filter>
    <Filter Include="Header Files\Compiler">
      <UniqueIdentifier>{18551f68-2b58-48d0-8664-0bbab2fd1fda}</UniqueIdentifier>
    </Filter>
    <Filter Include="Header Files\Compiler\Scanner">
      <UniqueIdentifier>{38b8084f-757a-4c5c-8396-cff52a090ce6}</UniqueIdentifier>
    </Filter>
    <Filter Include="Header Files\Compiler\Parser">
      <UniqueIdentifier>{3e856fbd-7c31-4117-9a9e-4bf2a152276a}</UniqueIdentifier>
    </Filter>
    <Filter Include="Resource Files">
      <UniqueIdentifier>{67DA6AB6-F800-4c08-8B7A-83BB121AAD01}</UniqueIdentifier>
      <Extensions>rc;ico;cur;bmp;dlg;rc2;rct;bin;rgs;gif;jpg;jpeg;jpe;resx;tiff;tif;png;wav</Extensions>
    </Filter>
  </ItemGroup>
  <ItemGroup>
    <ClCompile Include="Scripting.cpp">
      <Filter>Source Files</Filter>
    </ClCompile>
    <ClCompile Include="Description\Argument.cpp">
      <Filter>Source Files\Description</Filter>
    </ClCompile>
    <ClCompile Include="Description\Class.cpp">
      <Filter>Source Files\Description</Filter>
    </ClCompile>
    <ClCompile Include="Description\Descriptor.cpp">
      <Filter>Source Files\Description</Filter>
    </ClCompile>
    <ClCompile Include="Description\Enum.cpp">
      <Filter>Source Files\Description</Filter>
    </ClCompile>
    <ClCompile Include="Description\Interface.cpp">
      <Filter>Source Files\Description</Filter>
    </ClCompile>
    <ClCompile Include="Description\Method.cpp">
      <Filter>Source Files\Description</Filter>
    </ClCompile>
    <ClCompile Include="Description\MethodSignature.cpp">
      <Filter>Source Files\Description</Filter>
    </ClCompile>
    <ClCompile Include="Description\Package.cpp">
      <Filter>Source Files\Description</Filter>
    </ClCompile>
    <ClCompile Include="Description\Property.cpp">
      <Filter>Source Files\Description</Filter>
    </ClCompile>
    <ClCompile Include="Compiler\Compiler.cpp">
      <Filter>Source Files\Compiler</Filter>
    </ClCompile>
    <ClCompile Include="Compiler\Parser.cpp">
      <Filter>Source Files\Compiler</Filter>
    </ClCompile>
    <ClCompile Include="Compiler\Scanner.cpp">
      <Filter>Source Files\Compiler</Filter>
    </ClCompile>
    <ClCompile Include="Compiler\Parser\CompilationUnit.cpp">
      <Filter>Source Files\Compiler\Parser</Filter>
    </ClCompile>
    <ClCompile Include="Compiler\Scanner\Token.cpp">
      <Filter>Source Files\Compiler\Scanner</Filter>
    </ClCompile>
    <ClCompile Include="Compiler\Scanner\TokenChar.cpp">
      <Filter>Source Files\Compiler\Scanner</Filter>
    </ClCompile>
    <ClCompile Include="Compiler\Scanner\TokenIdentifier.cpp">
      <Filter>Source Files\Compiler\Scanner</Filter>
    </ClCompile>
    <ClCompile Include="Compiler\Scanner\TokenKeyword.cpp">
      <Filter>Source Files\Compiler\Scanner</Filter>
    </ClCompile>
    <ClCompile Include="Compiler\Scanner\TokenNumber.cpp">
      <Filter>Source Files\Compiler\Scanner</Filter>
    </ClCompile>
    <ClCompile Include="Compiler\Scanner\TokenOperator.cpp">
      <Filter>Source Files\Compiler\Scanner</Filter>
    </ClCompile>
    <ClCompile Include="Compiler\Scanner\TokenString.cpp">
      <Filter>Source Files\Compiler\Scanner</Filter>
    </ClCompile>
    <ClCompile Include="Description\ClassReference.cpp">
      <Filter>Source Files\Description</Filter>
    </ClCompile>
    <ClCompile Include="Description\InterfaceReference.cpp">
      <Filter>Source Files\Description</Filter>
    </ClCompile>
    <ClCompile Include="Description\Field.cpp">
      <Filter>Source Files</Filter>
    </ClCompile>
    <ClCompile Include="Compiler\Scanner\TokenType.cpp">
      <Filter>Source Files\Compiler\Scanner</Filter>
    </ClCompile>
    <ClCompile Include="Expression.cpp">
      <Filter>Source Files</Filter>
    </ClCompile>
    <ClCompile Include="Statement.cpp">
      <Filter>Source Files</Filter>
    </ClCompile>
  </ItemGroup>
  <ItemGroup>
    <ClInclude Include="Errors.h">
      <Filter>Header Files</Filter>
    </ClInclude>
    <ClInclude Include="Description\Argument.h">
      <Filter>Header Files\Description</Filter>
    </ClInclude>
    <ClInclude Include="Description\Class.h">
      <Filter>Header Files\Description</Filter>
    </ClInclude>
    <ClInclude Include="Description\Descriptor.h">
      <Filter>Header Files\Description</Filter>
    </ClInclude>
    <ClInclude Include="Description\Enum.h">
      <Filter>Header Files\Description</Filter>
    </ClInclude>
    <ClInclude Include="Description\Interface.h">
      <Filter>Header Files\Description</Filter>
    </ClInclude>
    <ClInclude Include="Description\Method.h">
      <Filter>Header Files\Description</Filter>
    </ClInclude>
    <ClInclude Include="Description\MethodSignature.h">
      <Filter>Header Files\Description</Filter>
    </ClInclude>
    <ClInclude Include="Description\Package.h">
      <Filter>Header Files\Description</Filter>
    </ClInclude>
    <ClInclude Include="Description\Property.h">
      <Filter>Header Files\Description</Filter>
    </ClInclude>
    <ClInclude Include="Compiler\Compiler.h">
      <Filter>Header Files\Compiler</Filter>
    </ClInclude>
    <ClInclude Include="Compiler\Parser.h">
      <Filter>Header Files\Compiler</Filter>
    </ClInclude>
    <ClInclude Include="Compiler\Scanner.h">
      <Filter>Header Files\Compiler</Filter>
    </ClInclude>
    <ClInclude Include="Compiler\Scanner\Token.h">
      <Filter>Header Files\Compiler\Scanner</Filter>
    </ClInclude>
    <ClInclude Include="Compiler\Scanner\TokenChar.h">
      <Filter>Header Files\Compiler\Scanner</Filter>
    </ClInclude>
    <ClInclude Include="Compiler\Scanner\TokenIdentifier.h">
      <Filter>Header Files\Compiler\Scanner</Filter>
    </ClInclude>
    <ClInclude Include="Compiler\Scanner\TokenKeyword.h">
      <Filter>Header Files\Compiler\Scanner</Filter>
    </ClInclude>
    <ClInclude Include="Compiler\Scanner\TokenNumber.h">
      <Filter>Header Files\Compiler\Scanner</Filter>
    </ClInclude>
    <ClInclude Include="Compiler\Scanner\TokenOperator.h">
      <Filter>Header Files\Compiler\Scanner</Filter>
    </ClInclude>
    <ClInclude Include="Compiler\Scanner\TokenString.h">
      <Filter>Header Files\Compiler\Scanner</Filter>
    </ClInclude>
    <ClInclude Include="Compiler\Parser\CompilationUnit.h">
      <Filter>Header Files\Compiler\Parser</Filter>
    </ClInclude>
    <ClInclude Include="Description\ClassReference.h">
      <Filter>Header Files\Description</Filter>
    </ClInclude>
    <ClInclude Include="Description\InterfaceReference.h">
      <Filter>Header Files\Description</Filter>
    </ClInclude>
    <ClInclude Include="Description\Visibilities.h">
      <Filter>Header Files</Filter>
    </ClInclude>
    <ClInclude Include="Description\Field.h">
      <Filter>Header Files</Filter>
    </ClInclude>
    <ClInclude Include="Description\CallingConventions.h">
      <Filter>Header Files</Filter>
    </ClInclude>
    <ClInclude Include="Compiler\Scanner\TokenType.h">
      <Filter>Header Files\Compiler\Scanner</Filter>
    </ClInclude>
    <ClInclude Include="Expression.h">
      <Filter>Header Files</Filter>
    </ClInclude>
    <ClInclude Include="Statement.h">
      <Filter>Header Files</Filter>
    </ClInclude>
  </ItemGroup>
  <ItemGroup>
    <None Include="Description.cd" />
  </ItemGroup>
  <ItemGroup>
    <CustomBuildStep Include="..\..\Include\SCFScripting.h">
      <Filter>Header Files</Filter>
    </CustomBuildStep>
  </ItemGroup>
  <ItemGroup>
    <Natvis Include="Scripting.natvis" />
  </ItemGroup>
</Project>