<?xml version="1.0" encoding="utf-8"?>
<Project ToolsVersion="4.0" xmlns="http://schemas.microsoft.com/developer/msbuild/2003">
  <ItemGroup>
    <Filter Include="Source Files">
      <UniqueIdentifier>{4FC737F1-C7A5-4376-A066-2A32D752A2FF}</UniqueIdentifier>
      <Extensions>cpp;c;cc;cxx;def;odl;idl;hpj;bat;asm;asmx</Extensions>
    </Filter>
    <Filter Include="Source Files\Containers">
      <UniqueIdentifier>{affa56f6-649e-4cd6-94e4-e39ca290d289}</UniqueIdentifier>
    </Filter>
    <Filter Include="Source Files\Containers\Private">
      <UniqueIdentifier>{e02d15f2-aaba-487d-9ff2-1fb7e09f6fa0}</UniqueIdentifier>
    </Filter>
    <Filter Include="Source Files\Values">
      <UniqueIdentifier>{f113c8a0-93a2-4a9e-97a8-1da4ea23e566}</UniqueIdentifier>
    </Filter>
    <Filter Include="Source Files\File system">
      <UniqueIdentifier>{6f5e4d9c-dcd9-4867-b79c-9557ed38db51}</UniqueIdentifier>
    </Filter>
    <Filter Include="Source Files\Enumerators">
      <UniqueIdentifier>{66b08689-6fe6-4905-a700-59443c8b4f3a}</UniqueIdentifier>
    </Filter>
    <Filter Include="Source Files\Streams">
      <UniqueIdentifier>{edda2919-aec4-446f-8c14-3ccbdf32b06b}</UniqueIdentifier>
    </Filter>
    <Filter Include="Source Files\Memory">
      <UniqueIdentifier>{16fdf49a-3b36-455f-9065-6028cad2b430}</UniqueIdentifier>
    </Filter>
    <Filter Include="Source Files\Formats">
      <UniqueIdentifier>{20525f61-fd8d-49c7-819f-96ebf25b5f05}</UniqueIdentifier>
    </Filter>
    <Filter Include="Source Files\Misc">
      <UniqueIdentifier>{d0f2e226-ac95-4038-b3bd-feaa7ee6673e}</UniqueIdentifier>
    </Filter>
    <Filter Include="Source Files\Base">
      <UniqueIdentifier>{d04d75f7-0839-4f10-a325-6bf3303677a5}</UniqueIdentifier>
    </Filter>
    <Filter Include="Header Files">
      <UniqueIdentifier>{93995380-89BD-4b04-88EB-625FBE52EBFB}</UniqueIdentifier>
      <Extensions>h;hpp;hxx;hm;inl;inc;xsd</Extensions>
    </Filter>
    <Filter Include="Header Files\Streams">
      <UniqueIdentifier>{84c041b6-8c94-46dc-bd16-8359d98f9ad1}</UniqueIdentifier>
    </Filter>
    <Filter Include="Header Files\Values">
      <UniqueIdentifier>{542bc6a4-a894-4287-a7f4-95b667c56502}</UniqueIdentifier>
    </Filter>
    <Filter Include="Header Files\Containers">
      <UniqueIdentifier>{b7350ab8-5ea9-4414-a1fd-79ab3c89be2c}</UniqueIdentifier>
    </Filter>
    <Filter Include="Header Files\Containers\Private">
      <UniqueIdentifier>{d59bb022-2845-428f-9ab3-61892446b8b3}</UniqueIdentifier>
    </Filter>
    <Filter Include="Header Files\File system">
      <UniqueIdentifier>{3b08cd14-f4a2-47c6-86cc-f6a7b0aeea45}</UniqueIdentifier>
    </Filter>
    <Filter Include="Header Files\Enumerators">
      <UniqueIdentifier>{45246737-100e-48e2-8325-b53bb3e310a9}</UniqueIdentifier>
    </Filter>
    <Filter Include="Header Files\Memory">
      <UniqueIdentifier>{9461c569-b3fd-4e56-85a1-fbbf3b3c3559}</UniqueIdentifier>
    </Filter>
    <Filter Include="Header Files\Formats">
      <UniqueIdentifier>{3eba04d6-272e-4983-badd-7b59287d1e15}</UniqueIdentifier>
    </Filter>
    <Filter Include="Header Files\Misc">
      <UniqueIdentifier>{f1bd7176-4fe8-44a5-abb6-d3c013daaf32}</UniqueIdentifier>
    </Filter>
    <Filter Include="Header Files\Base">
      <UniqueIdentifier>{7d30514e-9c21-4365-8b81-0880b5b8dfb7}</UniqueIdentifier>
    </Filter>
    <Filter Include="Header Files\Resource Files">
      <UniqueIdentifier>{67DA6AB6-F800-4c08-8B7A-83BB121AAD01}</UniqueIdentifier>
      <Extensions>rc;ico;cur;bmp;dlg;rc2;rct;bin;rgs;gif;jpg;jpeg;jpe;resx;tiff;tif;png;wav</Extensions>
    </Filter>
    <Filter Include="Header Files\Comparers">
      <UniqueIdentifier>{a89c336b-dd28-4328-a6a1-91909f8d01f0}</UniqueIdentifier>
    </Filter>
    <Filter Include="Source Files\Comparers">
      <UniqueIdentifier>{1c3eb6ce-51d4-4e41-9c77-880daba2184f}</UniqueIdentifier>
    </Filter>
  </ItemGroup>
  <ItemGroup>
    <ClCompile Include="ObjectExtensions.cpp">
      <Filter>Source Files</Filter>
    </ClCompile>
    <ClCompile Include="Association.cpp">
      <Filter>Source Files\Containers</Filter>
    </ClCompile>
    <ClCompile Include="BagInt16.cpp">
      <Filter>Source Files\Containers</Filter>
    </ClCompile>
    <ClCompile Include="BagInt64.cpp">
      <Filter>Source Files\Containers</Filter>
    </ClCompile>
    <ClCompile Include="BagObject.cpp">
      <Filter>Source Files\Containers</Filter>
    </ClCompile>
    <ClCompile Include="DictionaryInt64.cpp">
      <Filter>Source Files\Containers</Filter>
    </ClCompile>
    <ClCompile Include="Stack.cpp">
      <Filter>Source Files\Containers</Filter>
    </ClCompile>
    <ClCompile Include="BagNodeInt16.cpp">
      <Filter>Source Files\Containers\Private</Filter>
    </ClCompile>
    <ClCompile Include="BagNodeInt64.cpp">
      <Filter>Source Files\Containers\Private</Filter>
    </ClCompile>
    <ClCompile Include="BagNodeObject.cpp">
      <Filter>Source Files\Containers\Private</Filter>
    </ClCompile>
    <ClCompile Include="DictionaryNodeInt64.cpp">
      <Filter>Source Files\Containers\Private</Filter>
    </ClCompile>
    <ClCompile Include="DictionaryNodeObject.cpp">
      <Filter>Source Files\Containers\Private</Filter>
    </ClCompile>
    <ClCompile Include="DictionaryNodeString.cpp">
      <Filter>Source Files\Containers\Private</Filter>
    </ClCompile>
    <ClCompile Include="ListNode.cpp">
      <Filter>Source Files\Containers\Private</Filter>
    </ClCompile>
    <ClCompile Include="Array.cpp">
      <Filter>Source Files\Values</Filter>
    </ClCompile>
    <ClCompile Include="ArrayFloat.cpp">
      <Filter>Source Files\Values</Filter>
    </ClCompile>
    <ClCompile Include="ArrayInt.cpp">
      <Filter>Source Files\Values</Filter>
    </ClCompile>
    <ClCompile Include="Bool.cpp">
      <Filter>Source Files\Values</Filter>
    </ClCompile>
    <ClCompile Include="Char.cpp">
      <Filter>Source Files\Values</Filter>
    </ClCompile>
    <ClCompile Include="DateTime.cpp">
      <Filter>Source Files\Values</Filter>
    </ClCompile>
    <ClCompile Include="Enum.cpp">
      <Filter>Source Files\Values</Filter>
    </ClCompile>
    <ClCompile Include="Float.cpp">
      <Filter>Source Files\Values</Filter>
    </ClCompile>
    <ClCompile Include="Float2.cpp">
      <Filter>Source Files\Values</Filter>
    </ClCompile>
    <ClCompile Include="Float3.cpp">
      <Filter>Source Files\Values</Filter>
    </ClCompile>
    <ClCompile Include="Float4.cpp">
      <Filter>Source Files\Values</Filter>
    </ClCompile>
    <ClCompile Include="Int.cpp">
      <Filter>Source Files\Values</Filter>
    </ClCompile>
    <ClCompile Include="Int64.cpp">
      <Filter>Source Files\Values</Filter>
    </ClCompile>
    <ClCompile Include="Pointer.cpp">
      <Filter>Source Files\Values</Filter>
    </ClCompile>
    <ClCompile Include="String.cpp">
      <Filter>Source Files\Values</Filter>
    </ClCompile>
    <ClCompile Include="StringRange.cpp">
      <Filter>Source Files\Values</Filter>
    </ClCompile>
    <ClCompile Include="Value.cpp">
      <Filter>Source Files\Values</Filter>
    </ClCompile>
    <ClCompile Include="Directory.cpp">
      <Filter>Source Files\File system</Filter>
    </ClCompile>
    <ClCompile Include="File.cpp">
      <Filter>Source Files\File system</Filter>
    </ClCompile>
    <ClCompile Include="EnumeratorBagInt16.cpp">
      <Filter>Source Files\Enumerators</Filter>
    </ClCompile>
    <ClCompile Include="EnumeratorBagInt64.cpp">
      <Filter>Source Files\Enumerators</Filter>
    </ClCompile>
    <ClCompile Include="EnumeratorBagObject.cpp">
      <Filter>Source Files\Enumerators</Filter>
    </ClCompile>
    <ClCompile Include="EnumeratorDictionaryInt64.cpp">
      <Filter>Source Files\Enumerators</Filter>
    </ClCompile>
    <ClCompile Include="EnumeratorDictionaryString.cpp">
      <Filter>Source Files\Enumerators</Filter>
    </ClCompile>
    <ClCompile Include="EnumeratorList.cpp">
      <Filter>Source Files\Enumerators</Filter>
    </ClCompile>
    <ClCompile Include="Stream.cpp">
      <Filter>Source Files\Streams</Filter>
    </ClCompile>
    <ClCompile Include="StreamBuffered.cpp">
      <Filter>Source Files\Streams</Filter>
    </ClCompile>
    <ClCompile Include="StreamConsoleWrite.cpp">
      <Filter>Source Files\Streams</Filter>
    </ClCompile>
    <ClCompile Include="StreamDummyWrite.cpp">
      <Filter>Source Files\Streams</Filter>
    </ClCompile>
    <ClCompile Include="StreamFile.cpp">
      <Filter>Source Files\Streams</Filter>
    </ClCompile>
    <ClCompile Include="StreamFileRead.cpp">
      <Filter>Source Files\Streams</Filter>
    </ClCompile>
    <ClCompile Include="StreamFileWrite.cpp">
      <Filter>Source Files\Streams</Filter>
    </ClCompile>
    <ClCompile Include="StreamMemory.cpp">
      <Filter>Source Files\Streams</Filter>
    </ClCompile>
    <ClCompile Include="StreamMemoryRead.cpp">
      <Filter>Source Files\Streams</Filter>
    </ClCompile>
    <ClCompile Include="StreamMemoryWrite.cpp">
      <Filter>Source Files\Streams</Filter>
    </ClCompile>
    <ClCompile Include="StreamReadCSV.cpp">
      <Filter>Source Files\Streams</Filter>
    </ClCompile>
    <ClCompile Include="StreamReadText.cpp">
      <Filter>Source Files\Streams</Filter>
    </ClCompile>
    <ClCompile Include="StreamReadTextASCII.cpp">
      <Filter>Source Files\Streams</Filter>
    </ClCompile>
    <ClCompile Include="StreamReadTextGeneric.cpp">
      <Filter>Source Files\Streams</Filter>
    </ClCompile>
    <ClCompile Include="StreamReadTextUCS2.cpp">
      <Filter>Source Files\Streams</Filter>
    </ClCompile>
    <ClCompile Include="StreamReadTextUTF8.cpp">
      <Filter>Source Files\Streams</Filter>
    </ClCompile>
    <ClCompile Include="StreamString.cpp">
      <Filter>Source Files\Streams</Filter>
    </ClCompile>
    <ClCompile Include="StreamStringRead.cpp">
      <Filter>Source Files\Streams</Filter>
    </ClCompile>
    <ClCompile Include="StreamStringWrite.cpp">
      <Filter>Source Files\Streams</Filter>
    </ClCompile>
    <ClCompile Include="StreamWriteCSV.cpp">
      <Filter>Source Files\Streams</Filter>
    </ClCompile>
    <ClCompile Include="StreamWriteText.cpp">
      <Filter>Source Files\Streams</Filter>
    </ClCompile>
    <ClCompile Include="StreamWriteTextASCII.cpp">
      <Filter>Source Files\Streams</Filter>
    </ClCompile>
    <ClCompile Include="StreamWriteTextGeneric.cpp">
      <Filter>Source Files\Streams</Filter>
    </ClCompile>
    <ClCompile Include="StreamWriteTextUCS2.cpp">
      <Filter>Source Files\Streams</Filter>
    </ClCompile>
    <ClCompile Include="StreamWriteTextUTF8.cpp">
      <Filter>Source Files\Streams</Filter>
    </ClCompile>
    <ClCompile Include="FSBHeap.cpp">
      <Filter>Source Files\Memory</Filter>
    </ClCompile>
    <ClCompile Include="Memory.cpp">
      <Filter>Source Files\Memory</Filter>
    </ClCompile>
    <ClCompile Include="MemoryBlock.cpp">
      <Filter>Source Files\Memory</Filter>
    </ClCompile>
    <ClCompile Include="MemorySystem.cpp">
      <Filter>Source Files\Memory</Filter>
    </ClCompile>
    <ClCompile Include="Format.cpp">
      <Filter>Source Files\Formats</Filter>
    </ClCompile>
    <ClCompile Include="FormatDateTime.cpp">
      <Filter>Source Files\Formats</Filter>
    </ClCompile>
    <ClCompile Include="FormatFloat.cpp">
      <Filter>Source Files\Formats</Filter>
    </ClCompile>
    <ClCompile Include="FormatInt.cpp">
      <Filter>Source Files\Formats</Filter>
    </ClCompile>
    <ClCompile Include="InfoCPU.cpp">
      <Filter>Source Files\Misc</Filter>
    </ClCompile>
    <ClCompile Include="StringSearch.cpp">
      <Filter>Source Files\Misc</Filter>
    </ClCompile>
    <ClCompile Include="Errors.cpp">
      <Filter>Source Files\Base</Filter>
    </ClCompile>
    <ClCompile Include="Object.cpp">
      <Filter>Source Files\Base</Filter>
    </ClCompile>
    <ClCompile Include="DictionaryObjectRaw.cpp">
      <Filter>Source Files\Containers</Filter>
    </ClCompile>
    <ClCompile Include="DictionaryStringRaw.cpp">
      <Filter>Source Files\Containers</Filter>
    </ClCompile>
    <ClCompile Include="VectorRaw.cpp">
      <Filter>Source Files\Containers</Filter>
    </ClCompile>
    <ClCompile Include="ListRaw.cpp">
      <Filter>Source Files\Containers</Filter>
    </ClCompile>
    <ClCompile Include="VectorRangeRaw.cpp">
      <Filter>Source Files\Containers</Filter>
    </ClCompile>
    <ClCompile Include="EnumeratorRaw.cpp">
      <Filter>Source Files\Enumerators</Filter>
    </ClCompile>
    <ClCompile Include="Comparer.cpp">
      <Filter>Source Files\Comparers</Filter>
    </ClCompile>
    <ClCompile Include="ComparerBool.cpp">
      <Filter>Source Files\Comparers</Filter>
    </ClCompile>
    <ClCompile Include="ComparerFloat.cpp">
      <Filter>Source Files\Comparers</Filter>
    </ClCompile>
    <ClCompile Include="ComparerIdentity.cpp">
      <Filter>Source Files\Comparers</Filter>
    </ClCompile>
    <ClCompile Include="ComparerInt.cpp">
      <Filter>Source Files\Comparers</Filter>
    </ClCompile>
    <ClCompile Include="EnumeratorDictionaryObjectRaw.cpp">
      <Filter>Source Files\Enumerators</Filter>
    </ClCompile>
    <ClCompile Include="TreeSimpleRaw.cpp">
      <Filter>Source Files\Containers</Filter>
    </ClCompile>
  </ItemGroup>
  <ItemGroup>
    <ClInclude Include="Stream.h">
      <Filter>Header Files\Streams</Filter>
    </ClInclude>
    <ClInclude Include="StreamBuffered.h">
      <Filter>Header Files\Streams</Filter>
    </ClInclude>
    <ClInclude Include="StreamConsoleWrite.h">
      <Filter>Header Files\Streams</Filter>
    </ClInclude>
    <ClInclude Include="StreamDummyWrite.h">
      <Filter>Header Files\Streams</Filter>
    </ClInclude>
    <ClInclude Include="StreamFile.h">
      <Filter>Header Files\Streams</Filter>
    </ClInclude>
    <ClInclude Include="StreamFileRead.h">
      <Filter>Header Files\Streams</Filter>
    </ClInclude>
    <ClInclude Include="StreamFileWrite.h">
      <Filter>Header Files\Streams</Filter>
    </ClInclude>
    <ClInclude Include="StreamMemory.h">
      <Filter>Header Files\Streams</Filter>
    </ClInclude>
    <ClInclude Include="StreamMemoryRead.h">
      <Filter>Header Files\Streams</Filter>
    </ClInclude>
    <ClInclude Include="StreamMemoryWrite.h">
      <Filter>Header Files\Streams</Filter>
    </ClInclude>
    <ClInclude Include="StreamRead.h">
      <Filter>Header Files\Streams</Filter>
    </ClInclude>
    <ClInclude Include="StreamReadCSV.h">
      <Filter>Header Files\Streams</Filter>
    </ClInclude>
    <ClInclude Include="StreamReadText.h">
      <Filter>Header Files\Streams</Filter>
    </ClInclude>
    <ClInclude Include="StreamReadTextASCII.h">
      <Filter>Header Files\Streams</Filter>
    </ClInclude>
    <ClInclude Include="StreamReadTextGeneric.h">
      <Filter>Header Files\Streams</Filter>
    </ClInclude>
    <ClInclude Include="StreamReadTextUCS2.h">
      <Filter>Header Files\Streams</Filter>
    </ClInclude>
    <ClInclude Include="StreamReadTextUTF8.h">
      <Filter>Header Files\Streams</Filter>
    </ClInclude>
    <ClInclude Include="StreamString.h">
      <Filter>Header Files\Streams</Filter>
    </ClInclude>
    <ClInclude Include="StreamStringRead.h">
      <Filter>Header Files\Streams</Filter>
    </ClInclude>
    <ClInclude Include="StreamStringWrite.h">
      <Filter>Header Files\Streams</Filter>
    </ClInclude>
    <ClInclude Include="StreamWrite.h">
      <Filter>Header Files\Streams</Filter>
    </ClInclude>
    <ClInclude Include="StreamWriteCSV.h">
      <Filter>Header Files\Streams</Filter>
    </ClInclude>
    <ClInclude Include="StreamWriteText.h">
      <Filter>Header Files\Streams</Filter>
    </ClInclude>
    <ClInclude Include="StreamWriteTextASCII.h">
      <Filter>Header Files\Streams</Filter>
    </ClInclude>
    <ClInclude Include="StreamWriteTextGeneric.h">
      <Filter>Header Files\Streams</Filter>
    </ClInclude>
    <ClInclude Include="StreamWriteTextUCS2.h">
      <Filter>Header Files\Streams</Filter>
    </ClInclude>
    <ClInclude Include="StreamWriteTextUTF8.h">
      <Filter>Header Files\Streams</Filter>
    </ClInclude>
    <ClInclude Include="Array.h">
      <Filter>Header Files\Values</Filter>
    </ClInclude>
    <ClInclude Include="ArrayFloat.h">
      <Filter>Header Files\Values</Filter>
    </ClInclude>
    <ClInclude Include="ArrayInt.h">
      <Filter>Header Files\Values</Filter>
    </ClInclude>
    <ClInclude Include="Bool.h">
      <Filter>Header Files\Values</Filter>
    </ClInclude>
    <ClInclude Include="Char.h">
      <Filter>Header Files\Values</Filter>
    </ClInclude>
    <ClInclude Include="DateTime.h">
      <Filter>Header Files\Values</Filter>
    </ClInclude>
    <ClInclude Include="Enum.h">
      <Filter>Header Files\Values</Filter>
    </ClInclude>
    <ClInclude Include="Float.h">
      <Filter>Header Files\Values</Filter>
    </ClInclude>
    <ClInclude Include="Float2.h">
      <Filter>Header Files\Values</Filter>
    </ClInclude>
    <ClInclude Include="Float3.h">
      <Filter>Header Files\Values</Filter>
    </ClInclude>
    <ClInclude Include="Float4.h">
      <Filter>Header Files\Values</Filter>
    </ClInclude>
    <ClInclude Include="Int.h">
      <Filter>Header Files\Values</Filter>
    </ClInclude>
    <ClInclude Include="Int64.h">
      <Filter>Header Files\Values</Filter>
    </ClInclude>
    <ClInclude Include="Pointer.h">
      <Filter>Header Files\Values</Filter>
    </ClInclude>
    <ClInclude Include="String.h">
      <Filter>Header Files\Values</Filter>
    </ClInclude>
    <ClInclude Include="StringRange.h">
      <Filter>Header Files\Values</Filter>
    </ClInclude>
    <ClInclude Include="Value.h">
      <Filter>Header Files\Values</Filter>
    </ClInclude>
    <ClInclude Include="Association.h">
      <Filter>Header Files\Containers</Filter>
    </ClInclude>
    <ClInclude Include="BagInt16.h">
      <Filter>Header Files\Containers</Filter>
    </ClInclude>
    <ClInclude Include="BagInt64.h">
      <Filter>Header Files\Containers</Filter>
    </ClInclude>
    <ClInclude Include="BagObject.h">
      <Filter>Header Files\Containers</Filter>
    </ClInclude>
    <ClInclude Include="Container.h">
      <Filter>Header Files\Containers</Filter>
    </ClInclude>
    <ClInclude Include="DictionaryInt64.h">
      <Filter>Header Files\Containers</Filter>
    </ClInclude>
    <ClInclude Include="Stack.h">
      <Filter>Header Files\Containers</Filter>
    </ClInclude>
    <ClInclude Include="BagNodeInt16.h">
      <Filter>Header Files\Containers\Private</Filter>
    </ClInclude>
    <ClInclude Include="BagNodeInt64.h">
      <Filter>Header Files\Containers\Private</Filter>
    </ClInclude>
    <ClInclude Include="BagNodeObject.h">
      <Filter>Header Files\Containers\Private</Filter>
    </ClInclude>
    <ClInclude Include="DictionaryNodeInt64.h">
      <Filter>Header Files\Containers\Private</Filter>
    </ClInclude>
    <ClInclude Include="DictionaryNodeObject.h">
      <Filter>Header Files\Containers\Private</Filter>
    </ClInclude>
    <ClInclude Include="DictionaryNodeString.h">
      <Filter>Header Files\Containers\Private</Filter>
    </ClInclude>
    <ClInclude Include="ListNode.h">
      <Filter>Header Files\Containers\Private</Filter>
    </ClInclude>
    <ClInclude Include="Directory.h">
      <Filter>Header Files\File system</Filter>
    </ClInclude>
    <ClInclude Include="File.h">
      <Filter>Header Files\File system</Filter>
    </ClInclude>
    <ClInclude Include="EnumeratorBagInt16.h">
      <Filter>Header Files\Enumerators</Filter>
    </ClInclude>
    <ClInclude Include="EnumeratorBagInt64.h">
      <Filter>Header Files\Enumerators</Filter>
    </ClInclude>
    <ClInclude Include="EnumeratorBagObject.h">
      <Filter>Header Files\Enumerators</Filter>
    </ClInclude>
    <ClInclude Include="EnumeratorDictionaryInt64.h">
      <Filter>Header Files\Enumerators</Filter>
    </ClInclude>
    <ClInclude Include="EnumeratorDictionaryObject.h">
      <Filter>Header Files\Enumerators</Filter>
    </ClInclude>
    <ClInclude Include="EnumeratorDictionaryString.h">
      <Filter>Header Files\Enumerators</Filter>
    </ClInclude>
    <ClInclude Include="EnumeratorList.h">
      <Filter>Header Files\Enumerators</Filter>
    </ClInclude>
    <ClInclude Include="FSBHeap.h">
      <Filter>Header Files\Memory</Filter>
    </ClInclude>
    <ClInclude Include="Memory.h">
      <Filter>Header Files\Memory</Filter>
    </ClInclude>
    <ClInclude Include="MemoryBlock.h">
      <Filter>Header Files\Memory</Filter>
    </ClInclude>
    <ClInclude Include="MemorySystem.h">
      <Filter>Header Files\Memory</Filter>
    </ClInclude>
    <ClInclude Include="Format.h">
      <Filter>Header Files\Formats</Filter>
    </ClInclude>
    <ClInclude Include="FormatDateTime.h">
      <Filter>Header Files\Formats</Filter>
    </ClInclude>
    <ClInclude Include="FormatFloat.h">
      <Filter>Header Files\Formats</Filter>
    </ClInclude>
    <ClInclude Include="FormatInt.h">
      <Filter>Header Files\Formats</Filter>
    </ClInclude>
    <ClInclude Include="InfoCPU.h">
      <Filter>Header Files\Misc</Filter>
    </ClInclude>
    <ClInclude Include="StringSearch.h">
      <Filter>Header Files\Misc</Filter>
    </ClInclude>
    <ClInclude Include="Errors.h">
      <Filter>Header Files\Base</Filter>
    </ClInclude>
    <ClInclude Include="Object.h">
      <Filter>Header Files\Base</Filter>
    </ClInclude>
    <ClInclude Include="DictionaryString.h">
      <Filter>Header Files\Containers</Filter>
    </ClInclude>
    <ClInclude Include="DictionaryObject.h">
      <Filter>Header Files\Containers</Filter>
    </ClInclude>
    <ClInclude Include="DictionaryObjectRaw.h">
      <Filter>Header Files\Containers</Filter>
    </ClInclude>
    <ClInclude Include="DictionaryStringRaw.h">
      <Filter>Header Files\Containers</Filter>
    </ClInclude>
    <ClInclude Include="VectorRaw.h">
      <Filter>Header Files\Containers</Filter>
    </ClInclude>
    <ClInclude Include="Vector.h">
      <Filter>Header Files\Containers</Filter>
    </ClInclude>
    <ClInclude Include="ListRaw.h">
      <Filter>Header Files\Containers</Filter>
    </ClInclude>
    <ClInclude Include="List.h">
      <Filter>Header Files\Containers</Filter>
    </ClInclude>
    <ClInclude Include="VectorRangeRaw.h">
      <Filter>Header Files\Containers</Filter>
    </ClInclude>
    <ClInclude Include="VectorRange.h">
      <Filter>Header Files\Containers</Filter>
    </ClInclude>
    <ClInclude Include="EnumeratorRaw.h">
      <Filter>Header Files\Enumerators</Filter>
    </ClInclude>
    <ClInclude Include="Comparer.h">
      <Filter>Header Files\Comparers</Filter>
    </ClInclude>
    <ClInclude Include="ComparerBool.h">
      <Filter>Header Files\Comparers</Filter>
    </ClInclude>
    <ClInclude Include="ComparerFloat.h">
      <Filter>Header Files\Comparers</Filter>
    </ClInclude>
    <ClInclude Include="ComparerIdentity.h">
      <Filter>Header Files\Comparers</Filter>
    </ClInclude>
    <ClInclude Include="ComparerInt.h">
      <Filter>Header Files\Comparers</Filter>
    </ClInclude>
    <ClInclude Include="EnumeratorDictionaryObjectRaw.h">
      <Filter>Header Files\Enumerators</Filter>
    </ClInclude>
    <ClInclude Include="Enumerator.h">
      <Filter>Header Files\Enumerators</Filter>
    </ClInclude>
    <ClInclude Include="TreeSimpleRaw.h">
      <Filter>Header Files\Containers</Filter>
    </ClInclude>
    <ClInclude Include="TreeSimple.h">
      <Filter>Header Files\Containers</Filter>
    </ClInclude>
    <ClInclude Include="TreeSimpleBase.h">
      <Filter>Header Files\Containers</Filter>
    </ClInclude>
  </ItemGroup>
  <ItemGroup>
    <None Include="ClassDiagram.cd" />
  </ItemGroup>
  <ItemGroup>
    <CustomBuildStep Include="..\..\Include\SCFObjectExtensions.h">
      <Filter>Header Files</Filter>
    </CustomBuildStep>
    <CustomBuildStep Include="..\..\Include\SCFObjectExtensionsFCD.h">
      <Filter>Header Files</Filter>
    </CustomBuildStep>
    <CustomBuildStep Include="..\..\Include\SCFObjectExtensionsPrivate.h">
      <Filter>Header Files</Filter>
    </CustomBuildStep>
  </ItemGroup>
</Project>