
Microsoft Visual Studio Solution File, Format Version 11.00
# Visual C++ Express 2010
Project("{8BC9CEB8-8B4A-11D0-8D11-00A0C91BC942}") = "DatafileIO", "DatafileIO.vcxproj", "{787B1BDC-3DE5-4708-9195-FBEF44390D79}"
EndProject
Project("{8BC9CEB8-8B4A-11D0-8D11-00A0C91BC942}") = "Test", "Test\Test.vcxproj", "{2ABBF0F8-89FE-42BD-BDCC-8A5603D18BE4}"
EndProject
Global
	GlobalSection(SolutionConfigurationPlatforms) = preSolution
		Debug|Win32 = Debug|Win32
		Release|Win32 = Release|Win32
	EndGlobalSection
	GlobalSection(ProjectConfigurationPlatforms) = postSolution
		{787B1BDC-3DE5-4708-9195-FBEF44390D79}.Debug|Win32.ActiveCfg = Debug|Win32
		{787B1BDC-3DE5-4708-9195-FBEF44390D79}.Debug|Win32.Build.0 = Debug|Win32
		{787B1BDC-3DE5-4708-9195-FBEF44390D79}.Release|Win32.ActiveCfg = Release|Win32
		{787B1BDC-3DE5-4708-9195-FBEF44390D79}.Release|Win32.Build.0 = Release|Win32
		{2ABBF0F8-89FE-42BD-BDCC-8A5603D18BE4}.Debug|Win32.ActiveCfg = Debug|Win32
		{2ABBF0F8-89FE-42BD-BDCC-8A5603D18BE4}.Debug|Win32.Build.0 = Debug|Win32
		{2ABBF0F8-89FE-42BD-BDCC-8A5603D18BE4}.Release|Win32.ActiveCfg = Release|Win32
		{2ABBF0F8-89FE-42BD-BDCC-8A5603D18BE4}.Release|Win32.Build.0 = Release|Win32
	EndGlobalSection
	GlobalSection(SolutionProperties) = preSolution
		HideSolutionNode = FALSE
	EndGlobalSection
EndGlobal
